
Microsoft Visual Studio Solution File, Format Version 12.00
# Visual Studio Version 17
VisualStudioVersion = 17.4.33403.182
MinimumVisualStudioVersion = 10.0.40219.1
Project("{9092AA53-FB77-4645-B42D-1CCCA6BD08BD}") = "P1", "P1\P1.njsproj", "{DA73D595-AC6D-4795-9097-237E22D067C0}"
EndProject
Global
	GlobalSection(SolutionConfigurationPlatforms) = preSolution
		Debug|Any CPU = Debug|Any CPU
		Release|Any CPU = Release|Any CPU
	EndGlobalSection
	GlobalSection(ProjectConfigurationPlatforms) = postSolution
		{DA73D595-AC6D-4795-9097-237E22D067C0}.Debug|Any CPU.ActiveCfg = Debug|Any CPU
		{DA73D595-AC6D-4795-9097-237E22D067C0}.Debug|Any CPU.Build.0 = Debug|Any CPU
		{DA73D595-AC6D-4795-9097-237E22D067C0}.Release|Any CPU.ActiveCfg = Release|Any CPU
		{DA73D595-AC6D-4795-9097-237E22D067C0}.Release|Any CPU.Build.0 = Release|Any CPU
	EndGlobalSection
	GlobalSection(SolutionProperties) = preSolution
		HideSolutionNode = FALSE
	EndGlobalSection
	GlobalSection(ExtensibilityGlobals) = postSolution
		SolutionGuid = {3AFF0E59-770A-4B8F-8821-141FA91860A1}
	EndGlobalSection
EndGlobal
